
Microsoft Visual Studio Solution File, Format Version 12.00
# Visual Studio Version 16
VisualStudioVersion = 16.0.32126.315
MinimumVisualStudioVersion = 10.0.40219.1
Project("{FAE04EC0-301F-11D3-BF4B-00C04F79EFBC}") = "TCPS_2", "TCPS_2\TCPS_2.csproj", "{5BBB1187-223C-4B83-BB2C-DF149B7659BD}"
EndProject
Global
	GlobalSection(SolutionConfigurationPlatforms) = preSolution
		Debug|Any CPU = Debug|Any CPU
		Release|Any CPU = Release|Any CPU
	EndGlobalSection
	GlobalSection(ProjectConfigurationPlatforms) = postSolution
		{5BBB1187-223C-4B83-BB2C-DF149B7659BD}.Debug|Any CPU.ActiveCfg = Debug|Any CPU
		{5BBB1187-223C-4B83-BB2C-DF149B7659BD}.Debug|Any CPU.Build.0 = Debug|Any CPU
		{5BBB1187-223C-4B83-BB2C-DF149B7659BD}.Release|Any CPU.ActiveCfg = Release|Any CPU
		{5BBB1187-223C-4B83-BB2C-DF149B7659BD}.Release|Any CPU.Build.0 = Release|Any CPU
	EndGlobalSection
	GlobalSection(SolutionProperties) = preSolution
		HideSolutionNode = FALSE
	EndGlobalSection
	GlobalSection(ExtensibilityGlobals) = postSolution
		SolutionGuid = {241DB05A-A9B0-496D-BA3C-E701990F3BAB}
	EndGlobalSection
EndGlobal
